
Microsoft Visual Studio Solution File, Format Version 12.00
# Visual Studio Version 16
VisualStudioVersion = 16.0.29201.188
MinimumVisualStudioVersion = 10.0.40219.1
Project("{FAE04EC0-301F-11D3-BF4B-00C04F79EFBC}") = "Snake", "Snake\Snake.csproj", "{945D6FCB-A02E-4E13-B242-6E2B3F7CA126}"
EndProject
Project("{FAE04EC0-301F-11D3-BF4B-00C04F79EFBC}") = "Server", "Server\Server.csproj", "{04CF642D-487F-484B-BFEB-5D32705C59F2}"
EndProject
Global
	GlobalSection(SolutionConfigurationPlatforms) = preSolution
		Debug|Any CPU = Debug|Any CPU
		Release|Any CPU = Release|Any CPU
	EndGlobalSection
	GlobalSection(ProjectConfigurationPlatforms) = postSolution
		{945D6FCB-A02E-4E13-B242-6E2B3F7CA126}.Debug|Any CPU.ActiveCfg = Debug|Any CPU
		{945D6FCB-A02E-4E13-B242-6E2B3F7CA126}.Debug|Any CPU.Build.0 = Debug|Any CPU
		{945D6FCB-A02E-4E13-B242-6E2B3F7CA126}.Release|Any CPU.ActiveCfg = Release|Any CPU
		{945D6FCB-A02E-4E13-B242-6E2B3F7CA126}.Release|Any CPU.Build.0 = Release|Any CPU
		{04CF642D-487F-484B-BFEB-5D32705C59F2}.Debug|Any CPU.ActiveCfg = Debug|Any CPU
		{04CF642D-487F-484B-BFEB-5D32705C59F2}.Debug|Any CPU.Build.0 = Debug|Any CPU
		{04CF642D-487F-484B-BFEB-5D32705C59F2}.Release|Any CPU.ActiveCfg = Release|Any CPU
		{04CF642D-487F-484B-BFEB-5D32705C59F2}.Release|Any CPU.Build.0 = Release|Any CPU
	EndGlobalSection
	GlobalSection(SolutionProperties) = preSolution
		HideSolutionNode = FALSE
	EndGlobalSection
	GlobalSection(ExtensibilityGlobals) = postSolution
		SolutionGuid = {7E8A65F3-F941-494F-A54C-B17C90FB5C6B}
	EndGlobalSection
EndGlobal
